
Microsoft Visual Studio Solution File, Format Version 12.00
# Visual Studio 15
VisualStudioVersion = 15.0.28307.489
MinimumVisualStudioVersion = 10.0.40219.1
Project("{9A19103F-16F7-4668-BE54-9A1E7A4F7556}") = "WordPuzzleHelper", "WordPuzzleHelper.csproj", "{D2A8458C-0692-4254-BA9A-5D485D6A0F13}"
EndProject
Global
	GlobalSection(SolutionConfigurationPlatforms) = preSolution
		Debug|Any CPU = Debug|Any CPU
		Release|Any CPU = Release|Any CPU
	EndGlobalSection
	GlobalSection(ProjectConfigurationPlatforms) = postSolution
		{D2A8458C-0692-4254-BA9A-5D485D6A0F13}.Debug|Any CPU.ActiveCfg = Debug|Any CPU
		{D2A8458C-0692-4254-BA9A-5D485D6A0F13}.Debug|Any CPU.Build.0 = Debug|Any CPU
		{D2A8458C-0692-4254-BA9A-5D485D6A0F13}.Release|Any CPU.ActiveCfg = Release|Any CPU
		{D2A8458C-0692-4254-BA9A-5D485D6A0F13}.Release|Any CPU.Build.0 = Release|Any CPU
	EndGlobalSection
	GlobalSection(SolutionProperties) = preSolution
		HideSolutionNode = FALSE
	EndGlobalSection
	GlobalSection(ExtensibilityGlobals) = postSolution
		SolutionGuid = {72E90599-9E8C-4E6C-AAA3-5C301AD8BF21}
	EndGlobalSection
EndGlobal
